
Microsoft Visual Studio Solution File, Format Version 12.00
# Visual Studio Version 17
VisualStudioVersion = 17.5.33530.505
MinimumVisualStudioVersion = 10.0.40219.1
Project("{FAE04EC0-301F-11D3-BF4B-00C04F79EFBC}") = "PsicoManager", "PsicoManager\PsicoManager.csproj", "{67DA2A61-E8E4-4B46-A1BA-5C2DF8BCF23D}"
EndProject
Global
	GlobalSection(SolutionConfigurationPlatforms) = preSolution
		Debug|Any CPU = Debug|Any CPU
		Release|Any CPU = Release|Any CPU
	EndGlobalSection
	GlobalSection(ProjectConfigurationPlatforms) = postSolution
		{67DA2A61-E8E4-4B46-A1BA-5C2DF8BCF23D}.Debug|Any CPU.ActiveCfg = Debug|Any CPU
		{67DA2A61-E8E4-4B46-A1BA-5C2DF8BCF23D}.Debug|Any CPU.Build.0 = Debug|Any CPU
		{67DA2A61-E8E4-4B46-A1BA-5C2DF8BCF23D}.Release|Any CPU.ActiveCfg = Release|Any CPU
		{67DA2A61-E8E4-4B46-A1BA-5C2DF8BCF23D}.Release|Any CPU.Build.0 = Release|Any CPU
	EndGlobalSection
	GlobalSection(SolutionProperties) = preSolution
		HideSolutionNode = FALSE
	EndGlobalSection
	GlobalSection(ExtensibilityGlobals) = postSolution
		SolutionGuid = {E4B06286-CA80-4BFF-AC20-3ADAAC6122CA}
	EndGlobalSection
EndGlobal
